// !$*UTF8*$!
{
	archiveVersion = 1;
	classes = {
	};
	objectVersion = 55;
	objects = {

/* Begin PBXBuildFile section */
		1810AFB929FE66170050CFAD /* AuthVM.swift in Sources */ = {isa = PBXBuildFile; fileRef = 1810AFB829FE66170050CFAD /* AuthVM.swift */; };
		1810AFBD29FE6B170050CFAD /* HelperMethods.swift in Sources */ = {isa = PBXBuildFile; fileRef = 1810AFBC29FE6B170050CFAD /* HelperMethods.swift */; };
		1810AFBF29FE6CD80050CFAD /* HomeVM.swift in Sources */ = {isa = PBXBuildFile; fileRef = 1810AFBE29FE6CD80050CFAD /* HomeVM.swift */; };
		18D72C2829FE1C9200AC4E7C /* AppDelegate.swift in Sources */ = {isa = PBXBuildFile; fileRef = 18D72C2729FE1C9200AC4E7C /* AppDelegate.swift */; };
		18D72C2A29FE1C9200AC4E7C /* SceneDelegate.swift in Sources */ = {isa = PBXBuildFile; fileRef = 18D72C2929FE1C9200AC4E7C /* SceneDelegate.swift */; };
		18D72C3129FE1C9400AC4E7C /* Assets.xcassets in Resources */ = {isa = PBXBuildFile; fileRef = 18D72C3029FE1C9400AC4E7C /* Assets.xcassets */; };
		18D72C3429FE1C9400AC4E7C /* LaunchScreen.storyboard in Resources */ = {isa = PBXBuildFile; fileRef = 18D72C3229FE1C9400AC4E7C /* LaunchScreen.storyboard */; };
		18D72C3C29FE1E3400AC4E7C /* GoogleService-Info.plist in Resources */ = {isa = PBXBuildFile; fileRef = 18D72C3B29FE1E3400AC4E7C /* GoogleService-Info.plist */; };
		18D72C3E29FE225D00AC4E7C /* AuthController.swift in Sources */ = {isa = PBXBuildFile; fileRef = 18D72C3D29FE225D00AC4E7C /* AuthController.swift */; };
		18D72C4329FE23C200AC4E7C /* HomeController.swift in Sources */ = {isa = PBXBuildFile; fileRef = 18D72C4229FE23C200AC4E7C /* HomeController.swift */; };
		18D72C4529FE23D400AC4E7C /* AuthView.storyboard in Resources */ = {isa = PBXBuildFile; fileRef = 18D72C4429FE23D400AC4E7C /* AuthView.storyboard */; };
		18D72C4729FE23DC00AC4E7C /* HomeView.storyboard in Resources */ = {isa = PBXBuildFile; fileRef = 18D72C4629FE23DC00AC4E7C /* HomeView.storyboard */; };
		18D72C4929FE241100AC4E7C /* UserModel.swift in Sources */ = {isa = PBXBuildFile; fileRef = 18D72C4829FE241100AC4E7C /* UserModel.swift */; };
		18D72C4F29FE37F800AC4E7C /* Exensions.swift in Sources */ = {isa = PBXBuildFile; fileRef = 18D72C4E29FE37F800AC4E7C /* Exensions.swift */; };
		54ADAC6225F64EC9D517CE22 /* Pods_Notedown.framework in Frameworks */ = {isa = PBXBuildFile; fileRef = C4E24F950848C3FA86C0F252 /* Pods_Notedown.framework */; };
/* End PBXBuildFile section */

/* Begin PBXFileReference section */
		1810AFB829FE66170050CFAD /* AuthVM.swift */ = {isa = PBXFileReference; lastKnownFileType = sourcecode.swift; path = AuthVM.swift; sourceTree = "<group>"; };
		1810AFBC29FE6B170050CFAD /* HelperMethods.swift */ = {isa = PBXFileReference; lastKnownFileType = sourcecode.swift; path = HelperMethods.swift; sourceTree = "<group>"; };
		1810AFBE29FE6CD80050CFAD /* HomeVM.swift */ = {isa = PBXFileReference; lastKnownFileType = sourcecode.swift; path = HomeVM.swift; sourceTree = "<group>"; };
		18D72C2429FE1C9200AC4E7C /* Notedown.app */ = {isa = PBXFileReference; explicitFileType = wrapper.application; includeInIndex = 0; path = Notedown.app; sourceTree = BUILT_PRODUCTS_DIR; };
		18D72C2729FE1C9200AC4E7C /* AppDelegate.swift */ = {isa = PBXFileReference; lastKnownFileType = sourcecode.swift; path = AppDelegate.swift; sourceTree = "<group>"; };
		18D72C2929FE1C9200AC4E7C /* SceneDelegate.swift */ = {isa = PBXFileReference; lastKnownFileType = sourcecode.swift; path = SceneDelegate.swift; sourceTree = "<group>"; };
		18D72C3029FE1C9400AC4E7C /* Assets.xcassets */ = {isa = PBXFileReference; lastKnownFileType = folder.assetcatalog; path = Assets.xcassets; sourceTree = "<group>"; };
		18D72C3329FE1C9400AC4E7C /* Base */ = {isa = PBXFileReference; lastKnownFileType = file.storyboard; name = Base; path = Base.lproj/LaunchScreen.storyboard; sourceTree = "<group>"; };
		18D72C3529FE1C9400AC4E7C /* Info.plist */ = {isa = PBXFileReference; lastKnownFileType = text.plist.xml; path = Info.plist; sourceTree = "<group>"; };
		18D72C3B29FE1E3400AC4E7C /* GoogleService-Info.plist */ = {isa = PBXFileReference; fileEncoding = 4; lastKnownFileType = text.plist.xml; path = "GoogleService-Info.plist"; sourceTree = "<group>"; };
		18D72C3D29FE225D00AC4E7C /* AuthController.swift */ = {isa = PBXFileReference; lastKnownFileType = sourcecode.swift; path = AuthController.swift; sourceTree = "<group>"; };
		18D72C4229FE23C200AC4E7C /* HomeController.swift */ = {isa = PBXFileReference; lastKnownFileType = sourcecode.swift; path = HomeController.swift; sourceTree = "<group>"; };
		18D72C4429FE23D400AC4E7C /* AuthView.storyboard */ = {isa = PBXFileReference; lastKnownFileType = file.storyboard; path = AuthView.storyboard; sourceTree = "<group>"; };
		18D72C4629FE23DC00AC4E7C /* HomeView.storyboard */ = {isa = PBXFileReference; lastKnownFileType = file.storyboard; path = HomeView.storyboard; sourceTree = "<group>"; };
		18D72C4829FE241100AC4E7C /* UserModel.swift */ = {isa = PBXFileReference; lastKnownFileType = sourcecode.swift; path = UserModel.swift; sourceTree = "<group>"; };
		18D72C4E29FE37F800AC4E7C /* Exensions.swift */ = {isa = PBXFileReference; fileEncoding = 4; lastKnownFileType = sourcecode.swift; path = Exensions.swift; sourceTree = "<group>"; };
		475F920DE4E48008E891E913 /* Pods-Notedown.release.xcconfig */ = {isa = PBXFileReference; includeInIndex = 1; lastKnownFileType = text.xcconfig; name = "Pods-Notedown.release.xcconfig"; path = "Target Support Files/Pods-Notedown/Pods-Notedown.release.xcconfig"; sourceTree = "<group>"; };
		A218EFB5C8797E80F6F32030 /* Pods-Notedown.debug.xcconfig */ = {isa = PBXFileReference; includeInIndex = 1; lastKnownFileType = text.xcconfig; name = "Pods-Notedown.debug.xcconfig"; path = "Target Support Files/Pods-Notedown/Pods-Notedown.debug.xcconfig"; sourceTree = "<group>"; };
		C4E24F950848C3FA86C0F252 /* Pods_Notedown.framework */ = {isa = PBXFileReference; explicitFileType = wrapper.framework; includeInIndex = 0; path = Pods_Notedown.framework; sourceTree = BUILT_PRODUCTS_DIR; };
/* End PBXFileReference section */

/* Begin PBXFrameworksBuildPhase section */
		18D72C2129FE1C9200AC4E7C /* Frameworks */ = {
			isa = PBXFrameworksBuildPhase;
			buildActionMask = 2147483647;
			files = (
				54ADAC6225F64EC9D517CE22 /* Pods_Notedown.framework in Frameworks */,
			);
			runOnlyForDeploymentPostprocessing = 0;
		};
/* End PBXFrameworksBuildPhase section */

/* Begin PBXGroup section */
		1810AFBA29FE66340050CFAD /* ViewModels */ = {
			isa = PBXGroup;
			children = (
				1810AFB829FE66170050CFAD /* AuthVM.swift */,
				1810AFBE29FE6CD80050CFAD /* HomeVM.swift */,
			);
			path = ViewModels;
			sourceTree = "<group>";
		};
		1810AFBB29FE6AF70050CFAD /* Utilities */ = {
			isa = PBXGroup;
			children = (
				1810AFBC29FE6B170050CFAD /* HelperMethods.swift */,
			);
			path = Utilities;
			sourceTree = "<group>";
		};
		18D72C1B29FE1C9200AC4E7C = {
			isa = PBXGroup;
			children = (
				18D72C2629FE1C9200AC4E7C /* Notedown */,
				18D72C2529FE1C9200AC4E7C /* Products */,
				AFFD142CEBFCAD0FDBC1FA74 /* Pods */,
				3CB3519BEC797851B785AA85 /* Frameworks */,
			);
			sourceTree = "<group>";
		};
		18D72C2529FE1C9200AC4E7C /* Products */ = {
			isa = PBXGroup;
			children = (
				18D72C2429FE1C9200AC4E7C /* Notedown.app */,
			);
			name = Products;
			sourceTree = "<group>";
		};
		18D72C2629FE1C9200AC4E7C /* Notedown */ = {
			isa = PBXGroup;
			children = (
				18D72C4029FE226F00AC4E7C /* Views */,
				18D72C3F29FE226200AC4E7C /* Controllers */,
				1810AFBA29FE66340050CFAD /* ViewModels */,
				18D72C4129FE228000AC4E7C /* Models */,
				18D72C4D29FE37F800AC4E7C /* Extension */,
				1810AFBB29FE6AF70050CFAD /* Utilities */,
				18D72C2729FE1C9200AC4E7C /* AppDelegate.swift */,
				18D72C2929FE1C9200AC4E7C /* SceneDelegate.swift */,
				18D72C3029FE1C9400AC4E7C /* Assets.xcassets */,
				18D72C3229FE1C9400AC4E7C /* LaunchScreen.storyboard */,
				18D72C3529FE1C9400AC4E7C /* Info.plist */,
				18D72C3B29FE1E3400AC4E7C /* GoogleService-Info.plist */,
			);
			path = Notedown;
			sourceTree = "<group>";
		};
		18D72C3F29FE226200AC4E7C /* Controllers */ = {
			isa = PBXGroup;
			children = (
				18D72C3D29FE225D00AC4E7C /* AuthController.swift */,
				18D72C4229FE23C200AC4E7C /* HomeController.swift */,
			);
			path = Controllers;
			sourceTree = "<group>";
		};
		18D72C4029FE226F00AC4E7C /* Views */ = {
			isa = PBXGroup;
			children = (
				18D72C4429FE23D400AC4E7C /* AuthView.storyboard */,
				18D72C4629FE23DC00AC4E7C /* HomeView.storyboard */,
			);
			path = Views;
			sourceTree = "<group>";
		};
		18D72C4129FE228000AC4E7C /* Models */ = {
			isa = PBXGroup;
			children = (
				18D72C4829FE241100AC4E7C /* UserModel.swift */,
			);
			path = Models;
			sourceTree = "<group>";
		};
		18D72C4D29FE37F800AC4E7C /* Extension */ = {
			isa = PBXGroup;
			children = (
				18D72C4E29FE37F800AC4E7C /* Exensions.swift */,
			);
			path = Extension;
			sourceTree = "<group>";
		};
		3CB3519BEC797851B785AA85 /* Frameworks */ = {
			isa = PBXGroup;
			children = (
				C4E24F950848C3FA86C0F252 /* Pods_Notedown.framework */,
			);
			name = Frameworks;
			sourceTree = "<group>";
		};
		AFFD142CEBFCAD0FDBC1FA74 /* Pods */ = {
			isa = PBXGroup;
			children = (
				A218EFB5C8797E80F6F32030 /* Pods-Notedown.debug.xcconfig */,
				475F920DE4E48008E891E913 /* Pods-Notedown.release.xcconfig */,
			);
			name = Pods;
			path = Pods;
			sourceTree = "<group>";
		};
/* End PBXGroup section */

/* Begin PBXNativeTarget section */
		18D72C2329FE1C9200AC4E7C /* Notedown */ = {
			isa = PBXNativeTarget;
			buildConfigurationList = 18D72C3829FE1C9400AC4E7C /* Build configuration list for PBXNativeTarget "Notedown" */;
			buildPhases = (
				B4089C05E0FAE7E9152914A9 /* [CP] Check Pods Manifest.lock */,
				18D72C2029FE1C9200AC4E7C /* Sources */,
				18D72C2129FE1C9200AC4E7C /* Frameworks */,
				18D72C2229FE1C9200AC4E7C /* Resources */,
				50E04E01C77001EA2FCB7D03 /* [CP] Embed Pods Frameworks */,
			);
			buildRules = (
			);
			dependencies = (
			);
			name = Notedown;
			productName = Notedown;
			productReference = 18D72C2429FE1C9200AC4E7C /* Notedown.app */;
			productType = "com.apple.product-type.application";
		};
/* End PBXNativeTarget section */

/* Begin PBXProject section */
		18D72C1C29FE1C9200AC4E7C /* Project object */ = {
			isa = PBXProject;
			attributes = {
				BuildIndependentTargetsInParallel = 1;
				LastSwiftUpdateCheck = 1420;
				LastUpgradeCheck = 1420;
				TargetAttributes = {
					18D72C2329FE1C9200AC4E7C = {
						CreatedOnToolsVersion = 14.2;
					};
				};
			};
			buildConfigurationList = 18D72C1F29FE1C9200AC4E7C /* Build configuration list for PBXProject "Notedown" */;
			compatibilityVersion = "Xcode 13.0";
			developmentRegion = en;
			hasScannedForEncodings = 0;
			knownRegions = (
				en,
				Base,
			);
			mainGroup = 18D72C1B29FE1C9200AC4E7C;
			productRefGroup = 18D72C2529FE1C9200AC4E7C /* Products */;
			projectDirPath = "";
			projectRoot = "";
			targets = (
				18D72C2329FE1C9200AC4E7C /* Notedown */,
			);
		};
/* End PBXProject section */

/* Begin PBXResourcesBuildPhase section */
		18D72C2229FE1C9200AC4E7C /* Resources */ = {
			isa = PBXResourcesBuildPhase;
			buildActionMask = 2147483647;
			files = (
				18D72C4729FE23DC00AC4E7C /* HomeView.storyboard in Resources */,
				18D72C3429FE1C9400AC4E7C /* LaunchScreen.storyboard in Resources */,
				18D72C3C29FE1E3400AC4E7C /* GoogleService-Info.plist in Resources */,
				18D72C3129FE1C9400AC4E7C /* Assets.xcassets in Resources */,
				18D72C4529FE23D400AC4E7C /* AuthView.storyboard in Resources */,
			);
			runOnlyForDeploymentPostprocessing = 0;
		};
/* End PBXResourcesBuildPhase section */

/* Begin PBXShellScriptBuildPhase section */
		50E04E01C77001EA2FCB7D03 /* [CP] Embed Pods Frameworks */ = {
			isa = PBXShellScriptBuildPhase;
			buildActionMask = 2147483647;
			files = (
			);
			inputFileListPaths = (
				"${PODS_ROOT}/Target Support Files/Pods-Notedown/Pods-Notedown-frameworks-${CONFIGURATION}-input-files.xcfilelist",
			);
			name = "[CP] Embed Pods Frameworks";
			outputFileListPaths = (
				"${PODS_ROOT}/Target Support Files/Pods-Notedown/Pods-Notedown-frameworks-${CONFIGURATION}-output-files.xcfilelist",
			);
			runOnlyForDeploymentPostprocessing = 0;
			shellPath = /bin/sh;
			shellScript = "\"${PODS_ROOT}/Target Support Files/Pods-Notedown/Pods-Notedown-frameworks.sh\"\n";
			showEnvVarsInLog = 0;
		};
		B4089C05E0FAE7E9152914A9 /* [CP] Check Pods Manifest.lock */ = {
			isa = PBXShellScriptBuildPhase;
			buildActionMask = 2147483647;
			files = (
			);
			inputFileListPaths = (
			);
			inputPaths = (
				"${PODS_PODFILE_DIR_PATH}/Podfile.lock",
				"${PODS_ROOT}/Manifest.lock",
			);
			name = "[CP] Check Pods Manifest.lock";
			outputFileListPaths = (
			);
			outputPaths = (
				"$(DERIVED_FILE_DIR)/Pods-Notedown-checkManifestLockResult.txt",
			);
			runOnlyForDeploymentPostprocessing = 0;
			shellPath = /bin/sh;
			shellScript = "diff \"${PODS_PODFILE_DIR_PATH}/Podfile.lock\" \"${PODS_ROOT}/Manifest.lock\" > /dev/null\nif [ $? != 0 ] ; then\n    # print error to STDERR\n    echo \"error: The sandbox is not in sync with the Podfile.lock. Run 'pod install' or update your CocoaPods installation.\" >&2\n    exit 1\nfi\n# This output is used by Xcode 'outputs' to avoid re-running this script phase.\necho \"SUCCESS\" > \"${SCRIPT_OUTPUT_FILE_0}\"\n";
			showEnvVarsInLog = 0;
		};
/* End PBXShellScriptBuildPhase section */

/* Begin PBXSourcesBuildPhase section */
		18D72C2029FE1C9200AC4E7C /* Sources */ = {
			isa = PBXSourcesBuildPhase;
			buildActionMask = 2147483647;
			files = (
				18D72C4329FE23C200AC4E7C /* HomeController.swift in Sources */,
				18D72C2829FE1C9200AC4E7C /* AppDelegate.swift in Sources */,
				1810AFBD29FE6B170050CFAD /* HelperMethods.swift in Sources */,
				1810AFBF29FE6CD80050CFAD /* HomeVM.swift in Sources */,
				18D72C3E29FE225D00AC4E7C /* AuthController.swift in Sources */,
				18D72C4929FE241100AC4E7C /* UserModel.swift in Sources */,
				18D72C4F29FE37F800AC4E7C /* Exensions.swift in Sources */,
				1810AFB929FE66170050CFAD /* AuthVM.swift in Sources */,
				18D72C2A29FE1C9200AC4E7C /* SceneDelegate.swift in Sources */,
			);
			runOnlyForDeploymentPostprocessing = 0;
		};
/* End PBXSourcesBuildPhase section */

/* Begin PBXVariantGroup section */
		18D72C3229FE1C9400AC4E7C /* LaunchScreen.storyboard */ = {
			isa = PBXVariantGroup;
			children = (
				18D72C3329FE1C9400AC4E7C /* Base */,
			);
			name = LaunchScreen.storyboard;
			sourceTree = "<group>";
		};
/* End PBXVariantGroup section */

/* Begin XCBuildConfiguration section */
		18D72C3629FE1C9400AC4E7C /* Debug */ = {
			isa = XCBuildConfiguration;
			buildSettings = {
				ALWAYS_SEARCH_USER_PATHS = NO;
				CLANG_ANALYZER_NONNULL = YES;
				CLANG_ANALYZER_NUMBER_OBJECT_CONVERSION = YES_AGGRESSIVE;
				CLANG_CXX_LANGUAGE_STANDARD = "gnu++20";
				CLANG_ENABLE_MODULES = YES;
				CLANG_ENABLE_OBJC_ARC = YES;
				CLANG_ENABLE_OBJC_WEAK = YES;
				CLANG_WARN_BLOCK_CAPTURE_AUTORELEASING = YES;
				CLANG_WARN_BOOL_CONVERSION = YES;
				CLANG_WARN_COMMA = YES;
				CLANG_WARN_CONSTANT_CONVERSION = YES;
				CLANG_WARN_DEPRECATED_OBJC_IMPLEMENTATIONS = YES;
				CLANG_WARN_DIRECT_OBJC_ISA_USAGE = YES_ERROR;
				CLANG_WARN_DOCUMENTATION_COMMENTS = YES;
				CLANG_WARN_EMPTY_BODY = YES;
				CLANG_WARN_ENUM_CONVERSION = YES;
				CLANG_WARN_INFINITE_RECURSION = YES;
				CLANG_WARN_INT_CONVERSION = YES;
				CLANG_WARN_NON_LITERAL_NULL_CONVERSION = YES;
				CLANG_WARN_OBJC_IMPLICIT_RETAIN_SELF = YES;
				CLANG_WARN_OBJC_LITERAL_CONVERSION = YES;
				CLANG_WARN_OBJC_ROOT_CLASS = YES_ERROR;
				CLANG_WARN_QUOTED_INCLUDE_IN_FRAMEWORK_HEADER = YES;
				CLANG_WARN_RANGE_LOOP_ANALYSIS = YES;
				CLANG_WARN_STRICT_PROTOTYPES = YES;
				CLANG_WARN_SUSPICIOUS_MOVE = YES;
				CLANG_WARN_UNGUARDED_AVAILABILITY = YES_AGGRESSIVE;
				CLANG_WARN_UNREACHABLE_CODE = YES;
				CLANG_WARN__DUPLICATE_METHOD_MATCH = YES;
				COPY_PHASE_STRIP = NO;
				DEBUG_INFORMATION_FORMAT = dwarf;
				ENABLE_STRICT_OBJC_MSGSEND = YES;
				ENABLE_TESTABILITY = YES;
				GCC_C_LANGUAGE_STANDARD = gnu11;
				GCC_DYNAMIC_NO_PIC = NO;
				GCC_NO_COMMON_BLOCKS = YES;
				GCC_OPTIMIZATION_LEVEL = 0;
				GCC_PREPROCESSOR_DEFINITIONS = (
					"DEBUG=1",
					"$(inherited)",
				);
				GCC_WARN_64_TO_32_BIT_CONVERSION = YES;
				GCC_WARN_ABOUT_RETURN_TYPE = YES_ERROR;
				GCC_WARN_UNDECLARED_SELECTOR = YES;
				GCC_WARN_UNINITIALIZED_AUTOS = YES_AGGRESSIVE;
				GCC_WARN_UNUSED_FUNCTION = YES;
				GCC_WARN_UNUSED_VARIABLE = YES;
				IPHONEOS_DEPLOYMENT_TARGET = 16.2;
				MTL_ENABLE_DEBUG_INFO = INCLUDE_SOURCE;
				MTL_FAST_MATH = YES;
				ONLY_ACTIVE_ARCH = YES;
				SDKROOT = iphoneos;
				SWIFT_ACTIVE_COMPILATION_CONDITIONS = DEBUG;
				SWIFT_OPTIMIZATION_LEVEL = "-Onone";
			};
			name = Debug;
		};
		18D72C3729FE1C9400AC4E7C /* Release */ = {
			isa = XCBuildConfiguration;
			buildSettings = {
				ALWAYS_SEARCH_USER_PATHS = NO;
				CLANG_ANALYZER_NONNULL = YES;
				CLANG_ANALYZER_NUMBER_OBJECT_CONVERSION = YES_AGGRESSIVE;
				CLANG_CXX_LANGUAGE_STANDARD = "gnu++20";
				CLANG_ENABLE_MODULES = YES;
				CLANG_ENABLE_OBJC_ARC = YES;
				CLANG_ENABLE_OBJC_WEAK = YES;
				CLANG_WARN_BLOCK_CAPTURE_AUTORELEASING = YES;
				CLANG_WARN_BOOL_CONVERSION = YES;
				CLANG_WARN_COMMA = YES;
				CLANG_WARN_CONSTANT_CONVERSION = YES;
				CLANG_WARN_DEPRECATED_OBJC_IMPLEMENTATIONS = YES;
				CLANG_WARN_DIRECT_OBJC_ISA_USAGE = YES_ERROR;
				CLANG_WARN_DOCUMENTATION_COMMENTS = YES;
				CLANG_WARN_EMPTY_BODY = YES;
				CLANG_WARN_ENUM_CONVERSION = YES;
				CLANG_WARN_INFINITE_RECURSION = YES;
				CLANG_WARN_INT_CONVERSION = YES;
				CLANG_WARN_NON_LITERAL_NULL_CONVERSION = YES;
				CLANG_WARN_OBJC_IMPLICIT_RETAIN_SELF = YES;
				CLANG_WARN_OBJC_LITERAL_CONVERSION = YES;
				CLANG_WARN_OBJC_ROOT_CLASS = YES_ERROR;
				CLANG_WARN_QUOTED_INCLUDE_IN_FRAMEWORK_HEADER = YES;
				CLANG_WARN_RANGE_LOOP_ANALYSIS = YES;
				CLANG_WARN_STRICT_PROTOTYPES = YES;
				CLANG_WARN_SUSPICIOUS_MOVE = YES;
				CLANG_WARN_UNGUARDED_AVAILABILITY = YES_AGGRESSIVE;
				CLANG_WARN_UNREACHABLE_CODE = YES;
				CLANG_WARN__DUPLICATE_METHOD_MATCH = YES;
				COPY_PHASE_STRIP = NO;
				DEBUG_INFORMATION_FORMAT = "dwarf-with-dsym";
				ENABLE_NS_ASSERTIONS = NO;
				ENABLE_STRICT_OBJC_MSGSEND = YES;
				GCC_C_LANGUAGE_STANDARD = gnu11;
				GCC_NO_COMMON_BLOCKS = YES;
				GCC_WARN_64_TO_32_BIT_CONVERSION = YES;
				GCC_WARN_ABOUT_RETURN_TYPE = YES_ERROR;
				GCC_WARN_UNDECLARED_SELECTOR = YES;
				GCC_WARN_UNINITIALIZED_AUTOS = YES_AGGRESSIVE;
				GCC_WARN_UNUSED_FUNCTION = YES;
				GCC_WARN_UNUSED_VARIABLE = YES;
				IPHONEOS_DEPLOYMENT_TARGET = 16.2;
				MTL_ENABLE_DEBUG_INFO = NO;
				MTL_FAST_MATH = YES;
				SDKROOT = iphoneos;
				SWIFT_COMPILATION_MODE = wholemodule;
				SWIFT_OPTIMIZATION_LEVEL = "-O";
				VALIDATE_PRODUCT = YES;
			};
			name = Release;
		};
		18D72C3929FE1C9400AC4E7C /* Debug */ = {
			isa = XCBuildConfiguration;
			baseConfigurationReference = A218EFB5C8797E80F6F32030 /* Pods-Notedown.debug.xcconfig */;
			buildSettings = {
				ASSETCATALOG_COMPILER_APPICON_NAME = AppIcon;
				ASSETCATALOG_COMPILER_GLOBAL_ACCENT_COLOR_NAME = AccentColor;
				CODE_SIGN_STYLE = Automatic;
				CURRENT_PROJECT_VERSION = 1;
				DEVELOPMENT_TEAM = 4FT34TR735;
				GENERATE_INFOPLIST_FILE = YES;
				INFOPLIST_FILE = Notedown/Info.plist;
				INFOPLIST_KEY_UIApplicationSupportsIndirectInputEvents = YES;
				INFOPLIST_KEY_UILaunchStoryboardName = LaunchScreen;
				INFOPLIST_KEY_UISupportedInterfaceOrientations_iPad = "UIInterfaceOrientationPortrait UIInterfaceOrientationPortraitUpsideDown UIInterfaceOrientationLandscapeLeft UIInterfaceOrientationLandscapeRight";
				INFOPLIST_KEY_UISupportedInterfaceOrientations_iPhone = "UIInterfaceOrientationPortrait UIInterfaceOrientationLandscapeLeft UIInterfaceOrientationLandscapeRight";
				LD_RUNPATH_SEARCH_PATHS = (
					"$(inherited)",
					"@executable_path/Frameworks",
				);
				MARKETING_VERSION = 1.0;
				PRODUCT_BUNDLE_IDENTIFIER = com.suleman.gigleelayout.Notedown;
				PRODUCT_NAME = "$(TARGET_NAME)";
				SWIFT_EMIT_LOC_STRINGS = YES;
				SWIFT_VERSION = 5.0;
				TARGETED_DEVICE_FAMILY = "1,2";
			};
			name = Debug;
		};
		18D72C3A29FE1C9400AC4E7C /* Release */ = {
			isa = XCBuildConfiguration;
			baseConfigurationReference = 475F920DE4E48008E891E913 /* Pods-Notedown.release.xcconfig */;
			buildSettings = {
				ASSETCATALOG_COMPILER_APPICON_NAME = AppIcon;
				ASSETCATALOG_COMPILER_GLOBAL_ACCENT_COLOR_NAME = AccentColor;
				CODE_SIGN_STYLE = Automatic;
				CURRENT_PROJECT_VERSION = 1;
				DEVELOPMENT_TEAM = 4FT34TR735;
				GENERATE_INFOPLIST_FILE = YES;
				INFOPLIST_FILE = Notedown/Info.plist;
				INFOPLIST_KEY_UIApplicationSupportsIndirectInputEvents = YES;
				INFOPLIST_KEY_UILaunchStoryboardName = LaunchScreen;
				INFOPLIST_KEY_UISupportedInterfaceOrientations_iPad = "UIInterfaceOrientationPortrait UIInterfaceOrientationPortraitUpsideDown UIInterfaceOrientationLandscapeLeft UIInterfaceOrientationLandscapeRight";
				INFOPLIST_KEY_UISupportedInterfaceOrientations_iPhone = "UIInterfaceOrientationPortrait UIInterfaceOrientationLandscapeLeft UIInterfaceOrientationLandscapeRight";
				LD_RUNPATH_SEARCH_PATHS = (
					"$(inherited)",
					"@executable_path/Frameworks",
				);
				MARKETING_VERSION = 1.0;
				PRODUCT_BUNDLE_IDENTIFIER = com.suleman.gigleelayout.Notedown;
				PRODUCT_NAME = "$(TARGET_NAME)";
				SWIFT_EMIT_LOC_STRINGS = YES;
				SWIFT_VERSION = 5.0;
				TARGETED_DEVICE_FAMILY = "1,2";
			};
			name = Release;
		};
/* End XCBuildConfiguration section */

/* Begin XCConfigurationList section */
		18D72C1F29FE1C9200AC4E7C /* Build configuration list for PBXProject "Notedown" */ = {
			isa = XCConfigurationList;
			buildConfigurations = (
				18D72C3629FE1C9400AC4E7C /* Debug */,
				18D72C3729FE1C9400AC4E7C /* Release */,
			);
			defaultConfigurationIsVisible = 0;
			defaultConfigurationName = Release;
		};
		18D72C3829FE1C9400AC4E7C /* Build configuration list for PBXNativeTarget "Notedown" */ = {
			isa = XCConfigurationList;
			buildConfigurations = (
				18D72C3929FE1C9400AC4E7C /* Debug */,
				18D72C3A29FE1C9400AC4E7C /* Release */,
			);
			defaultConfigurationIsVisible = 0;
			defaultConfigurationName = Release;
		};
/* End XCConfigurationList section */
	};
	rootObject = 18D72C1C29FE1C9200AC4E7C /* Project object */;
}
